
Microsoft Visual Studio Solution File, Format Version 12.00
# Visual Studio Version 17
VisualStudioVersion = 17.0.31903.59
MinimumVisualStudioVersion = 10.0.40219.1
Project("{FAE04EC0-301F-11D3-BF4B-00C04F79EFBC}") = "GridParallel", "GridParallel\GridParallel.csproj", "{621AB914-56F1-4180-B829-7DDA7C242A10}"
EndProject
Global
	GlobalSection(SolutionConfigurationPlatforms) = preSolution
		Debug|Any CPU = Debug|Any CPU
		Release|Any CPU = Release|Any CPU
	EndGlobalSection
	GlobalSection(ProjectConfigurationPlatforms) = postSolution
		{621AB914-56F1-4180-B829-7DDA7C242A10}.Debug|Any CPU.ActiveCfg = Debug|Any CPU
		{621AB914-56F1-4180-B829-7DDA7C242A10}.Debug|Any CPU.Build.0 = Debug|Any CPU
		{621AB914-56F1-4180-B829-7DDA7C242A10}.Release|Any CPU.ActiveCfg = Release|Any CPU
		{621AB914-56F1-4180-B829-7DDA7C242A10}.Release|Any CPU.Build.0 = Release|Any CPU
	EndGlobalSection
	GlobalSection(SolutionProperties) = preSolution
		HideSolutionNode = FALSE
	EndGlobalSection
	GlobalSection(ExtensibilityGlobals) = postSolution
		SolutionGuid = {397C6F43-E268-44F8-8B6C-ECF228C5957A}
	EndGlobalSection
EndGlobal
